
Microsoft Visual Studio Solution File, Format Version 12.00
# Visual Studio Version 17
VisualStudioVersion = 17.3.32929.385
MinimumVisualStudioVersion = 10.0.40219.1
Project("{FAE04EC0-301F-11D3-BF4B-00C04F79EFBC}") = "RegistrAccountBaseUser", "RegistrAccountBaseUser.csproj", "{93E6E2EF-BB87-4A21-B64B-E74A0F2C4D3D}"
EndProject
Global
	GlobalSection(SolutionConfigurationPlatforms) = preSolution
		Debug|Any CPU = Debug|Any CPU
		Release|Any CPU = Release|Any CPU
	EndGlobalSection
	GlobalSection(ProjectConfigurationPlatforms) = postSolution
		{93E6E2EF-BB87-4A21-B64B-E74A0F2C4D3D}.Debug|Any CPU.ActiveCfg = Debug|Any CPU
		{93E6E2EF-BB87-4A21-B64B-E74A0F2C4D3D}.Debug|Any CPU.Build.0 = Debug|Any CPU
		{93E6E2EF-BB87-4A21-B64B-E74A0F2C4D3D}.Release|Any CPU.ActiveCfg = Release|Any CPU
		{93E6E2EF-BB87-4A21-B64B-E74A0F2C4D3D}.Release|Any CPU.Build.0 = Release|Any CPU
	EndGlobalSection
	GlobalSection(SolutionProperties) = preSolution
		HideSolutionNode = FALSE
	EndGlobalSection
	GlobalSection(ExtensibilityGlobals) = postSolution
		SolutionGuid = {545D1EE0-7EA9-4F23-928C-E23B5B720B73}
	EndGlobalSection
EndGlobal
