
Microsoft Visual Studio Solution File, Format Version 12.00
# Visual Studio Version 17
VisualStudioVersion = 17.3.32929.385
MinimumVisualStudioVersion = 10.0.40219.1
Project("{FAE04EC0-301F-11D3-BF4B-00C04F79EFBC}") = "Reflection", "Reflection.csproj", "{8920EE50-5112-4B2E-9990-081C21857267}"
EndProject
Global
	GlobalSection(SolutionConfigurationPlatforms) = preSolution
		Debug|Any CPU = Debug|Any CPU
		Release|Any CPU = Release|Any CPU
	EndGlobalSection
	GlobalSection(ProjectConfigurationPlatforms) = postSolution
		{8920EE50-5112-4B2E-9990-081C21857267}.Debug|Any CPU.ActiveCfg = Debug|Any CPU
		{8920EE50-5112-4B2E-9990-081C21857267}.Debug|Any CPU.Build.0 = Debug|Any CPU
		{8920EE50-5112-4B2E-9990-081C21857267}.Release|Any CPU.ActiveCfg = Release|Any CPU
		{8920EE50-5112-4B2E-9990-081C21857267}.Release|Any CPU.Build.0 = Release|Any CPU
	EndGlobalSection
	GlobalSection(SolutionProperties) = preSolution
		HideSolutionNode = FALSE
	EndGlobalSection
	GlobalSection(ExtensibilityGlobals) = postSolution
		SolutionGuid = {ABD48734-97E8-4A5F-AE7F-8D547483F41C}
	EndGlobalSection
EndGlobal
